// !$*UTF8*$!
{
	archiveVersion = 1;
	classes = {
	};
	objectVersion = 56;
	objects = {

/* Begin PBXBuildFile section */
		96B811252B71014A00D52952 /* AppetizersApp.swift in Sources */ = {isa = PBXBuildFile; fileRef = 96B811242B71014A00D52952 /* AppetizersApp.swift */; };
		96B811272B71014A00D52952 /* AppetizerTabView.swift in Sources */ = {isa = PBXBuildFile; fileRef = 96B811262B71014A00D52952 /* AppetizerTabView.swift */; };
		96B811292B71014C00D52952 /* Assets.xcassets in Resources */ = {isa = PBXBuildFile; fileRef = 96B811282B71014C00D52952 /* Assets.xcassets */; };
		96B8112C2B71014C00D52952 /* Preview Assets.xcassets in Resources */ = {isa = PBXBuildFile; fileRef = 96B8112B2B71014C00D52952 /* Preview Assets.xcassets */; };
		96B811362B71014C00D52952 /* AppetizersTests.swift in Sources */ = {isa = PBXBuildFile; fileRef = 96B811352B71014C00D52952 /* AppetizersTests.swift */; };
		96B811402B71014C00D52952 /* AppetizersUITests.swift in Sources */ = {isa = PBXBuildFile; fileRef = 96B8113F2B71014C00D52952 /* AppetizersUITests.swift */; };
		96B811422B71014C00D52952 /* AppetizersUITestsLaunchTests.swift in Sources */ = {isa = PBXBuildFile; fileRef = 96B811412B71014C00D52952 /* AppetizersUITestsLaunchTests.swift */; };
		96B8114F2B710DDA00D52952 /* AppetizerListView.swift in Sources */ = {isa = PBXBuildFile; fileRef = 96B8114E2B710DDA00D52952 /* AppetizerListView.swift */; };
		96B811512B710DE500D52952 /* AccountView.swift in Sources */ = {isa = PBXBuildFile; fileRef = 96B811502B710DE500D52952 /* AccountView.swift */; };
		96B811532B710DEF00D52952 /* OrderView.swift in Sources */ = {isa = PBXBuildFile; fileRef = 96B811522B710DEF00D52952 /* OrderView.swift */; };
		96B811552B7136A300D52952 /* Appetizer.swift in Sources */ = {isa = PBXBuildFile; fileRef = 96B811542B7136A300D52952 /* Appetizer.swift */; };
		96B811572B72634D00D52952 /* AppetizerListCell.swift in Sources */ = {isa = PBXBuildFile; fileRef = 96B811562B72634D00D52952 /* AppetizerListCell.swift */; };
		96B811592B726F7200D52952 /* NetworkManager.swift in Sources */ = {isa = PBXBuildFile; fileRef = 96B811582B726F7200D52952 /* NetworkManager.swift */; };
		96B8115B2B72716500D52952 /* APError.swift in Sources */ = {isa = PBXBuildFile; fileRef = 96B8115A2B72716500D52952 /* APError.swift */; };
		96B8115D2B727AB100D52952 /* AppetizerListViewModel.swift in Sources */ = {isa = PBXBuildFile; fileRef = 96B8115C2B727AB100D52952 /* AppetizerListViewModel.swift */; };
		96B8115F2B727CF400D52952 /* Alert.swift in Sources */ = {isa = PBXBuildFile; fileRef = 96B8115E2B727CF400D52952 /* Alert.swift */; };
		96B811612B72870600D52952 /* LoadingView.swift in Sources */ = {isa = PBXBuildFile; fileRef = 96B811602B72870600D52952 /* LoadingView.swift */; };
		96B811632B7287C500D52952 /* Color+Ext.swift in Sources */ = {isa = PBXBuildFile; fileRef = 96B811622B7287C500D52952 /* Color+Ext.swift */; };
		96BB4D7C2B73ABEF00880E8E /* RemoteImage.swift in Sources */ = {isa = PBXBuildFile; fileRef = 96BB4D7B2B73ABEF00880E8E /* RemoteImage.swift */; };
		96BB4D8B2B73B70B00880E8E /* AppetizerDetailView.swift in Sources */ = {isa = PBXBuildFile; fileRef = 96BB4D8A2B73B70B00880E8E /* AppetizerDetailView.swift */; };
/* End PBXBuildFile section */

/* Begin PBXContainerItemProxy section */
		96B811322B71014C00D52952 /* PBXContainerItemProxy */ = {
			isa = PBXContainerItemProxy;
			containerPortal = 96B811192B71014A00D52952 /* Project object */;
			proxyType = 1;
			remoteGlobalIDString = 96B811202B71014A00D52952;
			remoteInfo = Appetizers;
		};
		96B8113C2B71014C00D52952 /* PBXContainerItemProxy */ = {
			isa = PBXContainerItemProxy;
			containerPortal = 96B811192B71014A00D52952 /* Project object */;
			proxyType = 1;
			remoteGlobalIDString = 96B811202B71014A00D52952;
			remoteInfo = Appetizers;
		};
/* End PBXContainerItemProxy section */

/* Begin PBXFileReference section */
		96B811212B71014A00D52952 /* Appetizers.app */ = {isa = PBXFileReference; explicitFileType = wrapper.application; includeInIndex = 0; path = Appetizers.app; sourceTree = BUILT_PRODUCTS_DIR; };
		96B811242B71014A00D52952 /* AppetizersApp.swift */ = {isa = PBXFileReference; lastKnownFileType = sourcecode.swift; path = AppetizersApp.swift; sourceTree = "<group>"; };
		96B811262B71014A00D52952 /* AppetizerTabView.swift */ = {isa = PBXFileReference; lastKnownFileType = sourcecode.swift; path = AppetizerTabView.swift; sourceTree = "<group>"; };
		96B811282B71014C00D52952 /* Assets.xcassets */ = {isa = PBXFileReference; lastKnownFileType = folder.assetcatalog; path = Assets.xcassets; sourceTree = "<group>"; };
		96B8112B2B71014C00D52952 /* Preview Assets.xcassets */ = {isa = PBXFileReference; lastKnownFileType = folder.assetcatalog; path = "Preview Assets.xcassets"; sourceTree = "<group>"; };
		96B811312B71014C00D52952 /* AppetizersTests.xctest */ = {isa = PBXFileReference; explicitFileType = wrapper.cfbundle; includeInIndex = 0; path = AppetizersTests.xctest; sourceTree = BUILT_PRODUCTS_DIR; };
		96B811352B71014C00D52952 /* AppetizersTests.swift */ = {isa = PBXFileReference; lastKnownFileType = sourcecode.swift; path = AppetizersTests.swift; sourceTree = "<group>"; };
		96B8113B2B71014C00D52952 /* AppetizersUITests.xctest */ = {isa = PBXFileReference; explicitFileType = wrapper.cfbundle; includeInIndex = 0; path = AppetizersUITests.xctest; sourceTree = BUILT_PRODUCTS_DIR; };
		96B8113F2B71014C00D52952 /* AppetizersUITests.swift */ = {isa = PBXFileReference; lastKnownFileType = sourcecode.swift; path = AppetizersUITests.swift; sourceTree = "<group>"; };
		96B811412B71014C00D52952 /* AppetizersUITestsLaunchTests.swift */ = {isa = PBXFileReference; lastKnownFileType = sourcecode.swift; path = AppetizersUITestsLaunchTests.swift; sourceTree = "<group>"; };
		96B8114E2B710DDA00D52952 /* AppetizerListView.swift */ = {isa = PBXFileReference; lastKnownFileType = sourcecode.swift; path = AppetizerListView.swift; sourceTree = "<group>"; };
		96B811502B710DE500D52952 /* AccountView.swift */ = {isa = PBXFileReference; lastKnownFileType = sourcecode.swift; path = AccountView.swift; sourceTree = "<group>"; };
		96B811522B710DEF00D52952 /* OrderView.swift */ = {isa = PBXFileReference; lastKnownFileType = sourcecode.swift; path = OrderView.swift; sourceTree = "<group>"; };
		96B811542B7136A300D52952 /* Appetizer.swift */ = {isa = PBXFileReference; lastKnownFileType = sourcecode.swift; path = Appetizer.swift; sourceTree = "<group>"; };
		96B811562B72634D00D52952 /* AppetizerListCell.swift */ = {isa = PBXFileReference; lastKnownFileType = sourcecode.swift; path = AppetizerListCell.swift; sourceTree = "<group>"; };
		96B811582B726F7200D52952 /* NetworkManager.swift */ = {isa = PBXFileReference; lastKnownFileType = sourcecode.swift; path = NetworkManager.swift; sourceTree = "<group>"; };
		96B8115A2B72716500D52952 /* APError.swift */ = {isa = PBXFileReference; lastKnownFileType = sourcecode.swift; path = APError.swift; sourceTree = "<group>"; };
		96B8115C2B727AB100D52952 /* AppetizerListViewModel.swift */ = {isa = PBXFileReference; lastKnownFileType = sourcecode.swift; path = AppetizerListViewModel.swift; sourceTree = "<group>"; };
		96B8115E2B727CF400D52952 /* Alert.swift */ = {isa = PBXFileReference; lastKnownFileType = sourcecode.swift; path = Alert.swift; sourceTree = "<group>"; };
		96B811602B72870600D52952 /* LoadingView.swift */ = {isa = PBXFileReference; lastKnownFileType = sourcecode.swift; path = LoadingView.swift; sourceTree = "<group>"; };
		96B811622B7287C500D52952 /* Color+Ext.swift */ = {isa = PBXFileReference; lastKnownFileType = sourcecode.swift; path = "Color+Ext.swift"; sourceTree = "<group>"; };
		96BB4D7B2B73ABEF00880E8E /* RemoteImage.swift */ = {isa = PBXFileReference; lastKnownFileType = sourcecode.swift; path = RemoteImage.swift; sourceTree = "<group>"; };
		96BB4D8A2B73B70B00880E8E /* AppetizerDetailView.swift */ = {isa = PBXFileReference; lastKnownFileType = sourcecode.swift; path = AppetizerDetailView.swift; sourceTree = "<group>"; };
/* End PBXFileReference section */

/* Begin PBXFrameworksBuildPhase section */
		96B8111E2B71014A00D52952 /* Frameworks */ = {
			isa = PBXFrameworksBuildPhase;
			buildActionMask = 2147483647;
			files = (
			);
			runOnlyForDeploymentPostprocessing = 0;
		};
		96B8112E2B71014C00D52952 /* Frameworks */ = {
			isa = PBXFrameworksBuildPhase;
			buildActionMask = 2147483647;
			files = (
			);
			runOnlyForDeploymentPostprocessing = 0;
		};
		96B811382B71014C00D52952 /* Frameworks */ = {
			isa = PBXFrameworksBuildPhase;
			buildActionMask = 2147483647;
			files = (
			);
			runOnlyForDeploymentPostprocessing = 0;
		};
/* End PBXFrameworksBuildPhase section */

/* Begin PBXGroup section */
		96B811182B71014A00D52952 = {
			isa = PBXGroup;
			children = (
				96B811232B71014A00D52952 /* Appetizers */,
				96B811342B71014C00D52952 /* AppetizersTests */,
				96B8113E2B71014C00D52952 /* AppetizersUITests */,
				96B811222B71014A00D52952 /* Products */,
			);
			sourceTree = "<group>";
		};
		96B811222B71014A00D52952 /* Products */ = {
			isa = PBXGroup;
			children = (
				96B811212B71014A00D52952 /* Appetizers.app */,
				96B811312B71014C00D52952 /* AppetizersTests.xctest */,
				96B8113B2B71014C00D52952 /* AppetizersUITests.xctest */,
			);
			name = Products;
			sourceTree = "<group>";
		};
		96B811232B71014A00D52952 /* Appetizers */ = {
			isa = PBXGroup;
			children = (
				96BB4D852B73B3DB00880E8E /* Model */,
				96BB4D812B73B38D00880E8E /* Utilities */,
				96BB4D862B73B40000880E8E /* Views */,
				96BB4D7D2B73B34300880E8E /* Screens */,
				96B811242B71014A00D52952 /* AppetizersApp.swift */,
				96B811282B71014C00D52952 /* Assets.xcassets */,
				96B8112A2B71014C00D52952 /* Preview Content */,
			);
			path = Appetizers;
			sourceTree = "<group>";
		};
		96B8112A2B71014C00D52952 /* Preview Content */ = {
			isa = PBXGroup;
			children = (
				96B8112B2B71014C00D52952 /* Preview Assets.xcassets */,
			);
			path = "Preview Content";
			sourceTree = "<group>";
		};
		96B811342B71014C00D52952 /* AppetizersTests */ = {
			isa = PBXGroup;
			children = (
				96B811352B71014C00D52952 /* AppetizersTests.swift */,
			);
			path = AppetizersTests;
			sourceTree = "<group>";
		};
		96B8113E2B71014C00D52952 /* AppetizersUITests */ = {
			isa = PBXGroup;
			children = (
				96B8113F2B71014C00D52952 /* AppetizersUITests.swift */,
				96B811412B71014C00D52952 /* AppetizersUITestsLaunchTests.swift */,
			);
			path = AppetizersUITests;
			sourceTree = "<group>";
		};
		96BB4D7D2B73B34300880E8E /* Screens */ = {
			isa = PBXGroup;
			children = (
				96B811262B71014A00D52952 /* AppetizerTabView.swift */,
				96BB4D802B73B35A00880E8E /* OrderView */,
				96BB4D7F2B73B35200880E8E /* AccountView */,
				96BB4D7E2B73B34A00880E8E /* AppetizerListView */,
			);
			path = Screens;
			sourceTree = "<group>";
		};
		96BB4D7E2B73B34A00880E8E /* AppetizerListView */ = {
			isa = PBXGroup;
			children = (
				96B8114E2B710DDA00D52952 /* AppetizerListView.swift */,
				96B8115C2B727AB100D52952 /* AppetizerListViewModel.swift */,
				96BB4D8A2B73B70B00880E8E /* AppetizerDetailView.swift */,
			);
			path = AppetizerListView;
			sourceTree = "<group>";
		};
		96BB4D7F2B73B35200880E8E /* AccountView */ = {
			isa = PBXGroup;
			children = (
				96B811502B710DE500D52952 /* AccountView.swift */,
			);
			path = AccountView;
			sourceTree = "<group>";
		};
		96BB4D802B73B35A00880E8E /* OrderView */ = {
			isa = PBXGroup;
			children = (
				96B811522B710DEF00D52952 /* OrderView.swift */,
			);
			path = OrderView;
			sourceTree = "<group>";
		};
		96BB4D812B73B38D00880E8E /* Utilities */ = {
			isa = PBXGroup;
			children = (
				96BB4D842B73B3BA00880E8E /* Alert */,
				96BB4D832B73B39F00880E8E /* Extentions */,
				96BB4D822B73B39500880E8E /* Managers */,
			);
			path = Utilities;
			sourceTree = "<group>";
		};
		96BB4D822B73B39500880E8E /* Managers */ = {
			isa = PBXGroup;
			children = (
				96B811582B726F7200D52952 /* NetworkManager.swift */,
			);
			path = Managers;
			sourceTree = "<group>";
		};
		96BB4D832B73B39F00880E8E /* Extentions */ = {
			isa = PBXGroup;
			children = (
				96B811622B7287C500D52952 /* Color+Ext.swift */,
			);
			path = Extentions;
			sourceTree = "<group>";
		};
		96BB4D842B73B3BA00880E8E /* Alert */ = {
			isa = PBXGroup;
			children = (
				96B8115A2B72716500D52952 /* APError.swift */,
				96B8115E2B727CF400D52952 /* Alert.swift */,
			);
			path = Alert;
			sourceTree = "<group>";
		};
		96BB4D852B73B3DB00880E8E /* Model */ = {
			isa = PBXGroup;
			children = (
				96B811542B7136A300D52952 /* Appetizer.swift */,
			);
			path = Model;
			sourceTree = "<group>";
		};
		96BB4D862B73B40000880E8E /* Views */ = {
			isa = PBXGroup;
			children = (
				96BB4D892B73B41500880E8E /* Image */,
				96BB4D882B73B40F00880E8E /* Cells */,
				96BB4D872B73B40600880E8E /* UIKit Components */,
			);
			path = Views;
			sourceTree = "<group>";
		};
		96BB4D872B73B40600880E8E /* UIKit Components */ = {
			isa = PBXGroup;
			children = (
				96B811602B72870600D52952 /* LoadingView.swift */,
			);
			path = "UIKit Components";
			sourceTree = "<group>";
		};
		96BB4D882B73B40F00880E8E /* Cells */ = {
			isa = PBXGroup;
			children = (
				96B811562B72634D00D52952 /* AppetizerListCell.swift */,
			);
			path = Cells;
			sourceTree = "<group>";
		};
		96BB4D892B73B41500880E8E /* Image */ = {
			isa = PBXGroup;
			children = (
				96BB4D7B2B73ABEF00880E8E /* RemoteImage.swift */,
			);
			path = Image;
			sourceTree = "<group>";
		};
/* End PBXGroup section */

/* Begin PBXNativeTarget section */
		96B811202B71014A00D52952 /* Appetizers */ = {
			isa = PBXNativeTarget;
			buildConfigurationList = 96B811452B71014C00D52952 /* Build configuration list for PBXNativeTarget "Appetizers" */;
			buildPhases = (
				96B8111D2B71014A00D52952 /* Sources */,
				96B8111E2B71014A00D52952 /* Frameworks */,
				96B8111F2B71014A00D52952 /* Resources */,
			);
			buildRules = (
			);
			dependencies = (
			);
			name = Appetizers;
			productName = Appetizers;
			productReference = 96B811212B71014A00D52952 /* Appetizers.app */;
			productType = "com.apple.product-type.application";
		};
		96B811302B71014C00D52952 /* AppetizersTests */ = {
			isa = PBXNativeTarget;
			buildConfigurationList = 96B811482B71014C00D52952 /* Build configuration list for PBXNativeTarget "AppetizersTests" */;
			buildPhases = (
				96B8112D2B71014C00D52952 /* Sources */,
				96B8112E2B71014C00D52952 /* Frameworks */,
				96B8112F2B71014C00D52952 /* Resources */,
			);
			buildRules = (
			);
			dependencies = (
				96B811332B71014C00D52952 /* PBXTargetDependency */,
			);
			name = AppetizersTests;
			productName = AppetizersTests;
			productReference = 96B811312B71014C00D52952 /* AppetizersTests.xctest */;
			productType = "com.apple.product-type.bundle.unit-test";
		};
		96B8113A2B71014C00D52952 /* AppetizersUITests */ = {
			isa = PBXNativeTarget;
			buildConfigurationList = 96B8114B2B71014C00D52952 /* Build configuration list for PBXNativeTarget "AppetizersUITests" */;
			buildPhases = (
				96B811372B71014C00D52952 /* Sources */,
				96B811382B71014C00D52952 /* Frameworks */,
				96B811392B71014C00D52952 /* Resources */,
			);
			buildRules = (
			);
			dependencies = (
				96B8113D2B71014C00D52952 /* PBXTargetDependency */,
			);
			name = AppetizersUITests;
			productName = AppetizersUITests;
			productReference = 96B8113B2B71014C00D52952 /* AppetizersUITests.xctest */;
			productType = "com.apple.product-type.bundle.ui-testing";
		};
/* End PBXNativeTarget section */

/* Begin PBXProject section */
		96B811192B71014A00D52952 /* Project object */ = {
			isa = PBXProject;
			attributes = {
				BuildIndependentTargetsInParallel = 1;
				LastSwiftUpdateCheck = 1520;
				LastUpgradeCheck = 1520;
				TargetAttributes = {
					96B811202B71014A00D52952 = {
						CreatedOnToolsVersion = 15.2;
					};
					96B811302B71014C00D52952 = {
						CreatedOnToolsVersion = 15.2;
						TestTargetID = 96B811202B71014A00D52952;
					};
					96B8113A2B71014C00D52952 = {
						CreatedOnToolsVersion = 15.2;
						TestTargetID = 96B811202B71014A00D52952;
					};
				};
			};
			buildConfigurationList = 96B8111C2B71014A00D52952 /* Build configuration list for PBXProject "Appetizers" */;
			compatibilityVersion = "Xcode 14.0";
			developmentRegion = en;
			hasScannedForEncodings = 0;
			knownRegions = (
				en,
				Base,
			);
			mainGroup = 96B811182B71014A00D52952;
			productRefGroup = 96B811222B71014A00D52952 /* Products */;
			projectDirPath = "";
			projectRoot = "";
			targets = (
				96B811202B71014A00D52952 /* Appetizers */,
				96B811302B71014C00D52952 /* AppetizersTests */,
				96B8113A2B71014C00D52952 /* AppetizersUITests */,
			);
		};
/* End PBXProject section */

/* Begin PBXResourcesBuildPhase section */
		96B8111F2B71014A00D52952 /* Resources */ = {
			isa = PBXResourcesBuildPhase;
			buildActionMask = 2147483647;
			files = (
				96B8112C2B71014C00D52952 /* Preview Assets.xcassets in Resources */,
				96B811292B71014C00D52952 /* Assets.xcassets in Resources */,
			);
			runOnlyForDeploymentPostprocessing = 0;
		};
		96B8112F2B71014C00D52952 /* Resources */ = {
			isa = PBXResourcesBuildPhase;
			buildActionMask = 2147483647;
			files = (
			);
			runOnlyForDeploymentPostprocessing = 0;
		};
		96B811392B71014C00D52952 /* Resources */ = {
			isa = PBXResourcesBuildPhase;
			buildActionMask = 2147483647;
			files = (
			);
			runOnlyForDeploymentPostprocessing = 0;
		};
/* End PBXResourcesBuildPhase section */

/* Begin PBXSourcesBuildPhase section */
		96B8111D2B71014A00D52952 /* Sources */ = {
			isa = PBXSourcesBuildPhase;
			buildActionMask = 2147483647;
			files = (
				96B811552B7136A300D52952 /* Appetizer.swift in Sources */,
				96B8115B2B72716500D52952 /* APError.swift in Sources */,
				96B811572B72634D00D52952 /* AppetizerListCell.swift in Sources */,
				96B8115D2B727AB100D52952 /* AppetizerListViewModel.swift in Sources */,
				96B811632B7287C500D52952 /* Color+Ext.swift in Sources */,
				96B811512B710DE500D52952 /* AccountView.swift in Sources */,
				96B811612B72870600D52952 /* LoadingView.swift in Sources */,
				96B811272B71014A00D52952 /* AppetizerTabView.swift in Sources */,
				96B811592B726F7200D52952 /* NetworkManager.swift in Sources */,
				96BB4D7C2B73ABEF00880E8E /* RemoteImage.swift in Sources */,
				96BB4D8B2B73B70B00880E8E /* AppetizerDetailView.swift in Sources */,
				96B811252B71014A00D52952 /* AppetizersApp.swift in Sources */,
				96B8115F2B727CF400D52952 /* Alert.swift in Sources */,
				96B8114F2B710DDA00D52952 /* AppetizerListView.swift in Sources */,
				96B811532B710DEF00D52952 /* OrderView.swift in Sources */,
			);
			runOnlyForDeploymentPostprocessing = 0;
		};
		96B8112D2B71014C00D52952 /* Sources */ = {
			isa = PBXSourcesBuildPhase;
			buildActionMask = 2147483647;
			files = (
				96B811362B71014C00D52952 /* AppetizersTests.swift in Sources */,
			);
			runOnlyForDeploymentPostprocessing = 0;
		};
		96B811372B71014C00D52952 /* Sources */ = {
			isa = PBXSourcesBuildPhase;
			buildActionMask = 2147483647;
			files = (
				96B811402B71014C00D52952 /* AppetizersUITests.swift in Sources */,
				96B811422B71014C00D52952 /* AppetizersUITestsLaunchTests.swift in Sources */,
			);
			runOnlyForDeploymentPostprocessing = 0;
		};
/* End PBXSourcesBuildPhase section */

/* Begin PBXTargetDependency section */
		96B811332B71014C00D52952 /* PBXTargetDependency */ = {
			isa = PBXTargetDependency;
			target = 96B811202B71014A00D52952 /* Appetizers */;
			targetProxy = 96B811322B71014C00D52952 /* PBXContainerItemProxy */;
		};
		96B8113D2B71014C00D52952 /* PBXTargetDependency */ = {
			isa = PBXTargetDependency;
			target = 96B811202B71014A00D52952 /* Appetizers */;
			targetProxy = 96B8113C2B71014C00D52952 /* PBXContainerItemProxy */;
		};
/* End PBXTargetDependency section */

/* Begin XCBuildConfiguration section */
		96B811432B71014C00D52952 /* Debug */ = {
			isa = XCBuildConfiguration;
			buildSettings = {
				ALWAYS_SEARCH_USER_PATHS = NO;
				ASSETCATALOG_COMPILER_GENERATE_SWIFT_ASSET_SYMBOL_EXTENSIONS = YES;
				CLANG_ANALYZER_NONNULL = YES;
				CLANG_ANALYZER_NUMBER_OBJECT_CONVERSION = YES_AGGRESSIVE;
				CLANG_CXX_LANGUAGE_STANDARD = "gnu++20";
				CLANG_ENABLE_MODULES = YES;
				CLANG_ENABLE_OBJC_ARC = YES;
				CLANG_ENABLE_OBJC_WEAK = YES;
				CLANG_WARN_BLOCK_CAPTURE_AUTORELEASING = YES;
				CLANG_WARN_BOOL_CONVERSION = YES;
				CLANG_WARN_COMMA = YES;
				CLANG_WARN_CONSTANT_CONVERSION = YES;
				CLANG_WARN_DEPRECATED_OBJC_IMPLEMENTATIONS = YES;
				CLANG_WARN_DIRECT_OBJC_ISA_USAGE = YES_ERROR;
				CLANG_WARN_DOCUMENTATION_COMMENTS = YES;
				CLANG_WARN_EMPTY_BODY = YES;
				CLANG_WARN_ENUM_CONVERSION = YES;
				CLANG_WARN_INFINITE_RECURSION = YES;
				CLANG_WARN_INT_CONVERSION = YES;
				CLANG_WARN_NON_LITERAL_NULL_CONVERSION = YES;
				CLANG_WARN_OBJC_IMPLICIT_RETAIN_SELF = YES;
				CLANG_WARN_OBJC_LITERAL_CONVERSION = YES;
				CLANG_WARN_OBJC_ROOT_CLASS = YES_ERROR;
				CLANG_WARN_QUOTED_INCLUDE_IN_FRAMEWORK_HEADER = YES;
				CLANG_WARN_RANGE_LOOP_ANALYSIS = YES;
				CLANG_WARN_STRICT_PROTOTYPES = YES;
				CLANG_WARN_SUSPICIOUS_MOVE = YES;
				CLANG_WARN_UNGUARDED_AVAILABILITY = YES_AGGRESSIVE;
				CLANG_WARN_UNREACHABLE_CODE = YES;
				CLANG_WARN__DUPLICATE_METHOD_MATCH = YES;
				COPY_PHASE_STRIP = NO;
				DEBUG_INFORMATION_FORMAT = dwarf;
				ENABLE_STRICT_OBJC_MSGSEND = YES;
				ENABLE_TESTABILITY = YES;
				ENABLE_USER_SCRIPT_SANDBOXING = YES;
				GCC_C_LANGUAGE_STANDARD = gnu17;
				GCC_DYNAMIC_NO_PIC = NO;
				GCC_NO_COMMON_BLOCKS = YES;
				GCC_OPTIMIZATION_LEVEL = 0;
				GCC_PREPROCESSOR_DEFINITIONS = (
					"DEBUG=1",
					"$(inherited)",
				);
				GCC_WARN_64_TO_32_BIT_CONVERSION = YES;
				GCC_WARN_ABOUT_RETURN_TYPE = YES_ERROR;
				GCC_WARN_UNDECLARED_SELECTOR = YES;
				GCC_WARN_UNINITIALIZED_AUTOS = YES_AGGRESSIVE;
				GCC_WARN_UNUSED_FUNCTION = YES;
				GCC_WARN_UNUSED_VARIABLE = YES;
				IPHONEOS_DEPLOYMENT_TARGET = 17.2;
				LOCALIZATION_PREFERS_STRING_CATALOGS = YES;
				MTL_ENABLE_DEBUG_INFO = INCLUDE_SOURCE;
				MTL_FAST_MATH = YES;
				ONLY_ACTIVE_ARCH = YES;
				SDKROOT = iphoneos;
				SWIFT_ACTIVE_COMPILATION_CONDITIONS = "DEBUG $(inherited)";
				SWIFT_OPTIMIZATION_LEVEL = "-Onone";
			};
			name = Debug;
		};
		96B811442B71014C00D52952 /* Release */ = {
			isa = XCBuildConfiguration;
			buildSettings = {
				ALWAYS_SEARCH_USER_PATHS = NO;
				ASSETCATALOG_COMPILER_GENERATE_SWIFT_ASSET_SYMBOL_EXTENSIONS = YES;
				CLANG_ANALYZER_NONNULL = YES;
				CLANG_ANALYZER_NUMBER_OBJECT_CONVERSION = YES_AGGRESSIVE;
				CLANG_CXX_LANGUAGE_STANDARD = "gnu++20";
				CLANG_ENABLE_MODULES = YES;
				CLANG_ENABLE_OBJC_ARC = YES;
				CLANG_ENABLE_OBJC_WEAK = YES;
				CLANG_WARN_BLOCK_CAPTURE_AUTORELEASING = YES;
				CLANG_WARN_BOOL_CONVERSION = YES;
				CLANG_WARN_COMMA = YES;
				CLANG_WARN_CONSTANT_CONVERSION = YES;
				CLANG_WARN_DEPRECATED_OBJC_IMPLEMENTATIONS = YES;
				CLANG_WARN_DIRECT_OBJC_ISA_USAGE = YES_ERROR;
				CLANG_WARN_DOCUMENTATION_COMMENTS = YES;
				CLANG_WARN_EMPTY_BODY = YES;
				CLANG_WARN_ENUM_CONVERSION = YES;
				CLANG_WARN_INFINITE_RECURSION = YES;
				CLANG_WARN_INT_CONVERSION = YES;
				CLANG_WARN_NON_LITERAL_NULL_CONVERSION = YES;
				CLANG_WARN_OBJC_IMPLICIT_RETAIN_SELF = YES;
				CLANG_WARN_OBJC_LITERAL_CONVERSION = YES;
				CLANG_WARN_OBJC_ROOT_CLASS = YES_ERROR;
				CLANG_WARN_QUOTED_INCLUDE_IN_FRAMEWORK_HEADER = YES;
				CLANG_WARN_RANGE_LOOP_ANALYSIS = YES;
				CLANG_WARN_STRICT_PROTOTYPES = YES;
				CLANG_WARN_SUSPICIOUS_MOVE = YES;
				CLANG_WARN_UNGUARDED_AVAILABILITY = YES_AGGRESSIVE;
				CLANG_WARN_UNREACHABLE_CODE = YES;
				CLANG_WARN__DUPLICATE_METHOD_MATCH = YES;
				COPY_PHASE_STRIP = NO;
				DEBUG_INFORMATION_FORMAT = "dwarf-with-dsym";
				ENABLE_NS_ASSERTIONS = NO;
				ENABLE_STRICT_OBJC_MSGSEND = YES;
				ENABLE_USER_SCRIPT_SANDBOXING = YES;
				GCC_C_LANGUAGE_STANDARD = gnu17;
				GCC_NO_COMMON_BLOCKS = YES;
				GCC_WARN_64_TO_32_BIT_CONVERSION = YES;
				GCC_WARN_ABOUT_RETURN_TYPE = YES_ERROR;
				GCC_WARN_UNDECLARED_SELECTOR = YES;
				GCC_WARN_UNINITIALIZED_AUTOS = YES_AGGRESSIVE;
				GCC_WARN_UNUSED_FUNCTION = YES;
				GCC_WARN_UNUSED_VARIABLE = YES;
				IPHONEOS_DEPLOYMENT_TARGET = 17.2;
				LOCALIZATION_PREFERS_STRING_CATALOGS = YES;
				MTL_ENABLE_DEBUG_INFO = NO;
				MTL_FAST_MATH = YES;
				SDKROOT = iphoneos;
				SWIFT_COMPILATION_MODE = wholemodule;
				VALIDATE_PRODUCT = YES;
			};
			name = Release;
		};
		96B811462B71014C00D52952 /* Debug */ = {
			isa = XCBuildConfiguration;
			buildSettings = {
				ASSETCATALOG_COMPILER_APPICON_NAME = AppIcon;
				ASSETCATALOG_COMPILER_GLOBAL_ACCENT_COLOR_NAME = AccentColor;
				CODE_SIGN_STYLE = Automatic;
				CURRENT_PROJECT_VERSION = 1;
				DEVELOPMENT_ASSET_PATHS = "\"Appetizers/Preview Content\"";
				DEVELOPMENT_TEAM = AC5P7253R3;
				ENABLE_PREVIEWS = YES;
				GENERATE_INFOPLIST_FILE = YES;
				INFOPLIST_KEY_UIApplicationSceneManifest_Generation = YES;
				INFOPLIST_KEY_UIApplicationSupportsIndirectInputEvents = YES;
				INFOPLIST_KEY_UILaunchScreen_Generation = YES;
				INFOPLIST_KEY_UISupportedInterfaceOrientations_iPad = "UIInterfaceOrientationPortrait UIInterfaceOrientationPortraitUpsideDown UIInterfaceOrientationLandscapeLeft UIInterfaceOrientationLandscapeRight";
				INFOPLIST_KEY_UISupportedInterfaceOrientations_iPhone = "UIInterfaceOrientationPortrait UIInterfaceOrientationLandscapeLeft UIInterfaceOrientationLandscapeRight";
				LD_RUNPATH_SEARCH_PATHS = (
					"$(inherited)",
					"@executable_path/Frameworks",
				);
				MARKETING_VERSION = 1.0;
				PRODUCT_BUNDLE_IDENTIFIER = IvanStoilov.Appetizers;
				PRODUCT_NAME = "$(TARGET_NAME)";
				SWIFT_EMIT_LOC_STRINGS = YES;
				SWIFT_VERSION = 5.0;
				TARGETED_DEVICE_FAMILY = "1,2";
			};
			name = Debug;
		};
		96B811472B71014C00D52952 /* Release */ = {
			isa = XCBuildConfiguration;
			buildSettings = {
				ASSETCATALOG_COMPILER_APPICON_NAME = AppIcon;
				ASSETCATALOG_COMPILER_GLOBAL_ACCENT_COLOR_NAME = AccentColor;
				CODE_SIGN_STYLE = Automatic;
				CURRENT_PROJECT_VERSION = 1;
				DEVELOPMENT_ASSET_PATHS = "\"Appetizers/Preview Content\"";
				DEVELOPMENT_TEAM = AC5P7253R3;
				ENABLE_PREVIEWS = YES;
				GENERATE_INFOPLIST_FILE = YES;
				INFOPLIST_KEY_UIApplicationSceneManifest_Generation = YES;
				INFOPLIST_KEY_UIApplicationSupportsIndirectInputEvents = YES;
				INFOPLIST_KEY_UILaunchScreen_Generation = YES;
				INFOPLIST_KEY_UISupportedInterfaceOrientations_iPad = "UIInterfaceOrientationPortrait UIInterfaceOrientationPortraitUpsideDown UIInterfaceOrientationLandscapeLeft UIInterfaceOrientationLandscapeRight";
				INFOPLIST_KEY_UISupportedInterfaceOrientations_iPhone = "UIInterfaceOrientationPortrait UIInterfaceOrientationLandscapeLeft UIInterfaceOrientationLandscapeRight";
				LD_RUNPATH_SEARCH_PATHS = (
					"$(inherited)",
					"@executable_path/Frameworks",
				);
				MARKETING_VERSION = 1.0;
				PRODUCT_BUNDLE_IDENTIFIER = IvanStoilov.Appetizers;
				PRODUCT_NAME = "$(TARGET_NAME)";
				SWIFT_EMIT_LOC_STRINGS = YES;
				SWIFT_VERSION = 5.0;
				TARGETED_DEVICE_FAMILY = "1,2";
			};
			name = Release;
		};
		96B811492B71014C00D52952 /* Debug */ = {
			isa = XCBuildConfiguration;
			buildSettings = {
				ALWAYS_EMBED_SWIFT_STANDARD_LIBRARIES = YES;
				BUNDLE_LOADER = "$(TEST_HOST)";
				CODE_SIGN_STYLE = Automatic;
				CURRENT_PROJECT_VERSION = 1;
				DEVELOPMENT_TEAM = AC5P7253R3;
				GENERATE_INFOPLIST_FILE = YES;
				IPHONEOS_DEPLOYMENT_TARGET = 17.2;
				MARKETING_VERSION = 1.0;
				PRODUCT_BUNDLE_IDENTIFIER = IvanStoilov.AppetizersTests;
				PRODUCT_NAME = "$(TARGET_NAME)";
				SWIFT_EMIT_LOC_STRINGS = NO;
				SWIFT_VERSION = 5.0;
				TARGETED_DEVICE_FAMILY = "1,2";
				TEST_HOST = "$(BUILT_PRODUCTS_DIR)/Appetizers.app/$(BUNDLE_EXECUTABLE_FOLDER_PATH)/Appetizers";
			};
			name = Debug;
		};
		96B8114A2B71014C00D52952 /* Release */ = {
			isa = XCBuildConfiguration;
			buildSettings = {
				ALWAYS_EMBED_SWIFT_STANDARD_LIBRARIES = YES;
				BUNDLE_LOADER = "$(TEST_HOST)";
				CODE_SIGN_STYLE = Automatic;
				CURRENT_PROJECT_VERSION = 1;
				DEVELOPMENT_TEAM = AC5P7253R3;
				GENERATE_INFOPLIST_FILE = YES;
				IPHONEOS_DEPLOYMENT_TARGET = 17.2;
				MARKETING_VERSION = 1.0;
				PRODUCT_BUNDLE_IDENTIFIER = IvanStoilov.AppetizersTests;
				PRODUCT_NAME = "$(TARGET_NAME)";
				SWIFT_EMIT_LOC_STRINGS = NO;
				SWIFT_VERSION = 5.0;
				TARGETED_DEVICE_FAMILY = "1,2";
				TEST_HOST = "$(BUILT_PRODUCTS_DIR)/Appetizers.app/$(BUNDLE_EXECUTABLE_FOLDER_PATH)/Appetizers";
			};
			name = Release;
		};
		96B8114C2B71014C00D52952 /* Debug */ = {
			isa = XCBuildConfiguration;
			buildSettings = {
				ALWAYS_EMBED_SWIFT_STANDARD_LIBRARIES = YES;
				CODE_SIGN_STYLE = Automatic;
				CURRENT_PROJECT_VERSION = 1;
				DEVELOPMENT_TEAM = AC5P7253R3;
				GENERATE_INFOPLIST_FILE = YES;
				MARKETING_VERSION = 1.0;
				PRODUCT_BUNDLE_IDENTIFIER = IvanStoilov.AppetizersUITests;
				PRODUCT_NAME = "$(TARGET_NAME)";
				SWIFT_EMIT_LOC_STRINGS = NO;
				SWIFT_VERSION = 5.0;
				TARGETED_DEVICE_FAMILY = "1,2";
				TEST_TARGET_NAME = Appetizers;
			};
			name = Debug;
		};
		96B8114D2B71014C00D52952 /* Release */ = {
			isa = XCBuildConfiguration;
			buildSettings = {
				ALWAYS_EMBED_SWIFT_STANDARD_LIBRARIES = YES;
				CODE_SIGN_STYLE = Automatic;
				CURRENT_PROJECT_VERSION = 1;
				DEVELOPMENT_TEAM = AC5P7253R3;
				GENERATE_INFOPLIST_FILE = YES;
				MARKETING_VERSION = 1.0;
				PRODUCT_BUNDLE_IDENTIFIER = IvanStoilov.AppetizersUITests;
				PRODUCT_NAME = "$(TARGET_NAME)";
				SWIFT_EMIT_LOC_STRINGS = NO;
				SWIFT_VERSION = 5.0;
				TARGETED_DEVICE_FAMILY = "1,2";
				TEST_TARGET_NAME = Appetizers;
			};
			name = Release;
		};
/* End XCBuildConfiguration section */

/* Begin XCConfigurationList section */
		96B8111C2B71014A00D52952 /* Build configuration list for PBXProject "Appetizers" */ = {
			isa = XCConfigurationList;
			buildConfigurations = (
				96B811432B71014C00D52952 /* Debug */,
				96B811442B71014C00D52952 /* Release */,
			);
			defaultConfigurationIsVisible = 0;
			defaultConfigurationName = Release;
		};
		96B811452B71014C00D52952 /* Build configuration list for PBXNativeTarget "Appetizers" */ = {
			isa = XCConfigurationList;
			buildConfigurations = (
				96B811462B71014C00D52952 /* Debug */,
				96B811472B71014C00D52952 /* Release */,
			);
			defaultConfigurationIsVisible = 0;
			defaultConfigurationName = Release;
		};
		96B811482B71014C00D52952 /* Build configuration list for PBXNativeTarget "AppetizersTests" */ = {
			isa = XCConfigurationList;
			buildConfigurations = (
				96B811492B71014C00D52952 /* Debug */,
				96B8114A2B71014C00D52952 /* Release */,
			);
			defaultConfigurationIsVisible = 0;
			defaultConfigurationName = Release;
		};
		96B8114B2B71014C00D52952 /* Build configuration list for PBXNativeTarget "AppetizersUITests" */ = {
			isa = XCConfigurationList;
			buildConfigurations = (
				96B8114C2B71014C00D52952 /* Debug */,
				96B8114D2B71014C00D52952 /* Release */,
			);
			defaultConfigurationIsVisible = 0;
			defaultConfigurationName = Release;
		};
/* End XCConfigurationList section */
	};
	rootObject = 96B811192B71014A00D52952 /* Project object */;
}
